// !$*UTF8*$!
{
	archiveVersion = 1;
	classes = {
	};
	objectVersion = 50;
	objects = {

/* Begin PBXBuildFile section */
		830838DF25F6624000952785 /* main.cpp in Sources */ = {isa = PBXBuildFile; fileRef = 830838DE25F6624000952785 /* main.cpp */; };
		830838FF25F67B7500952785 /* Basic.cpp in Sources */ = {isa = PBXBuildFile; fileRef = 830838FE25F67B7500952785 /* Basic.cpp */; };
		8308390325F6853700952785 /* Row_Tran.cpp in Sources */ = {isa = PBXBuildFile; fileRef = 8308390225F6853700952785 /* Row_Tran.cpp */; };
		833306F825F8EC5500F4F1FE /* Advanced.cpp in Sources */ = {isa = PBXBuildFile; fileRef = 833306F725F8EC5500F4F1FE /* Advanced.cpp */; };
		83386B4326006D5100969AA7 /* Eigen.cpp in Sources */ = {isa = PBXBuildFile; fileRef = 83386B4226006D5100969AA7 /* Eigen.cpp */; };
		83386B46260070DE00969AA7 /* Array.cpp in Sources */ = {isa = PBXBuildFile; fileRef = 83386B45260070DE00969AA7 /* Array.cpp */; };
		835FAA1125FA528000F8EE46 /* Det.cpp in Sources */ = {isa = PBXBuildFile; fileRef = 835FAA1025FA528000F8EE46 /* Det.cpp */; };
		83C975CC25F9DA0100B312DC /* Other_Tran.cpp in Sources */ = {isa = PBXBuildFile; fileRef = 83C975CB25F9DA0100B312DC /* Other_Tran.cpp */; };
/* End PBXBuildFile section */

/* Begin PBXCopyFilesBuildPhase section */
		830838D925F6624000952785 /* CopyFiles */ = {
			isa = PBXCopyFilesBuildPhase;
			buildActionMask = 2147483647;
			dstPath = /usr/share/man/man1/;
			dstSubfolderSpec = 0;
			files = (
			);
			runOnlyForDeploymentPostprocessing = 1;
		};
/* End PBXCopyFilesBuildPhase section */

/* Begin PBXFileReference section */
		830838DB25F6624000952785 /* 15.0 */ = {isa = PBXFileReference; explicitFileType = "compiled.mach-o.executable"; includeInIndex = 0; path = 15.0; sourceTree = BUILT_PRODUCTS_DIR; };
		830838DE25F6624000952785 /* main.cpp */ = {isa = PBXFileReference; lastKnownFileType = sourcecode.cpp.cpp; path = main.cpp; sourceTree = "<group>"; };
		830838ED25F6666A00952785 /* classdef.h */ = {isa = PBXFileReference; lastKnownFileType = sourcecode.c.h; path = classdef.h; sourceTree = "<group>"; };
		830838F425F66BAA00952785 /* matrix.h */ = {isa = PBXFileReference; lastKnownFileType = sourcecode.c.h; path = matrix.h; sourceTree = "<group>"; };
		830838FE25F67B7500952785 /* Basic.cpp */ = {isa = PBXFileReference; lastKnownFileType = sourcecode.cpp.cpp; path = Basic.cpp; sourceTree = "<group>"; };
		8308390225F6853700952785 /* Row_Tran.cpp */ = {isa = PBXFileReference; lastKnownFileType = sourcecode.cpp.cpp; path = Row_Tran.cpp; sourceTree = "<group>"; };
		833306F725F8EC5500F4F1FE /* Advanced.cpp */ = {isa = PBXFileReference; lastKnownFileType = sourcecode.cpp.cpp; path = Advanced.cpp; sourceTree = "<group>"; };
		83386B4226006D5100969AA7 /* Eigen.cpp */ = {isa = PBXFileReference; lastKnownFileType = sourcecode.cpp.cpp; path = Eigen.cpp; sourceTree = "<group>"; };
		83386B45260070DE00969AA7 /* Array.cpp */ = {isa = PBXFileReference; lastKnownFileType = sourcecode.cpp.cpp; path = Array.cpp; sourceTree = "<group>"; };
		835FAA1025FA528000F8EE46 /* Det.cpp */ = {isa = PBXFileReference; lastKnownFileType = sourcecode.cpp.cpp; path = Det.cpp; sourceTree = "<group>"; };
		83C975CB25F9DA0100B312DC /* Other_Tran.cpp */ = {isa = PBXFileReference; lastKnownFileType = sourcecode.cpp.cpp; path = Other_Tran.cpp; sourceTree = "<group>"; };
/* End PBXFileReference section */

/* Begin PBXFrameworksBuildPhase section */
		830838D825F6624000952785 /* Frameworks */ = {
			isa = PBXFrameworksBuildPhase;
			buildActionMask = 2147483647;
			files = (
			);
			runOnlyForDeploymentPostprocessing = 0;
		};
/* End PBXFrameworksBuildPhase section */

/* Begin PBXGroup section */
		830838D225F6623F00952785 = {
			isa = PBXGroup;
			children = (
				830838DD25F6624000952785 /* 15.0 */,
				830838DC25F6624000952785 /* Products */,
			);
			sourceTree = "<group>";
		};
		830838DC25F6624000952785 /* Products */ = {
			isa = PBXGroup;
			children = (
				830838DB25F6624000952785 /* 15.0 */,
			);
			name = Products;
			sourceTree = "<group>";
		};
		830838DD25F6624000952785 /* 15.0 */ = {
			isa = PBXGroup;
			children = (
				830838DE25F6624000952785 /* main.cpp */,
				830838F425F66BAA00952785 /* matrix.h */,
				8308391325F76ED900952785 /* matrix */,
			);
			path = 15.0;
			sourceTree = "<group>";
		};
		8308391325F76ED900952785 /* matrix */ = {
			isa = PBXGroup;
			children = (
				830838ED25F6666A00952785 /* classdef.h */,
				83386B45260070DE00969AA7 /* Array.cpp */,
				830838FE25F67B7500952785 /* Basic.cpp */,
				835FAA1025FA528000F8EE46 /* Det.cpp */,
				8308390225F6853700952785 /* Row_Tran.cpp */,
				83C975CB25F9DA0100B312DC /* Other_Tran.cpp */,
				833306F725F8EC5500F4F1FE /* Advanced.cpp */,
				83386B4226006D5100969AA7 /* Eigen.cpp */,
			);
			path = matrix;
			sourceTree = "<group>";
		};
/* End PBXGroup section */

/* Begin PBXNativeTarget section */
		830838DA25F6624000952785 /* 15.0 */ = {
			isa = PBXNativeTarget;
			buildConfigurationList = 830838E225F6624000952785 /* Build configuration list for PBXNativeTarget "15.0" */;
			buildPhases = (
				830838D725F6624000952785 /* Sources */,
				830838D825F6624000952785 /* Frameworks */,
				830838D925F6624000952785 /* CopyFiles */,
			);
			buildRules = (
			);
			dependencies = (
			);
			name = 15.0;
			productName = "7.0 调试";
			productReference = 830838DB25F6624000952785 /* 15.0 */;
			productType = "com.apple.product-type.tool";
		};
/* End PBXNativeTarget section */

/* Begin PBXProject section */
		830838D325F6623F00952785 /* Project object */ = {
			isa = PBXProject;
			attributes = {
				LastUpgradeCheck = 1250;
				TargetAttributes = {
					830838DA25F6624000952785 = {
						CreatedOnToolsVersion = 12.4;
					};
				};
			};
			buildConfigurationList = 830838D625F6624000952785 /* Build configuration list for PBXProject "15.0" */;
			compatibilityVersion = "Xcode 9.3";
			developmentRegion = en;
			hasScannedForEncodings = 0;
			knownRegions = (
				en,
				Base,
			);
			mainGroup = 830838D225F6623F00952785;
			productRefGroup = 830838DC25F6624000952785 /* Products */;
			projectDirPath = "";
			projectRoot = "";
			targets = (
				830838DA25F6624000952785 /* 15.0 */,
			);
		};
/* End PBXProject section */

/* Begin PBXSourcesBuildPhase section */
		830838D725F6624000952785 /* Sources */ = {
			isa = PBXSourcesBuildPhase;
			buildActionMask = 2147483647;
			files = (
				8308390325F6853700952785 /* Row_Tran.cpp in Sources */,
				83386B46260070DE00969AA7 /* Array.cpp in Sources */,
				830838FF25F67B7500952785 /* Basic.cpp in Sources */,
				830838DF25F6624000952785 /* main.cpp in Sources */,
				83386B4326006D5100969AA7 /* Eigen.cpp in Sources */,
				835FAA1125FA528000F8EE46 /* Det.cpp in Sources */,
				83C975CC25F9DA0100B312DC /* Other_Tran.cpp in Sources */,
				833306F825F8EC5500F4F1FE /* Advanced.cpp in Sources */,
			);
			runOnlyForDeploymentPostprocessing = 0;
		};
/* End PBXSourcesBuildPhase section */

/* Begin XCBuildConfiguration section */
		830838E025F6624000952785 /* Debug */ = {
			isa = XCBuildConfiguration;
			buildSettings = {
				ALWAYS_SEARCH_USER_PATHS = NO;
				CLANG_ANALYZER_NONNULL = YES;
				CLANG_ANALYZER_NUMBER_OBJECT_CONVERSION = YES_AGGRESSIVE;
				CLANG_CXX_LANGUAGE_STANDARD = "gnu++14";
				CLANG_CXX_LIBRARY = "libc++";
				CLANG_ENABLE_MODULES = YES;
				CLANG_ENABLE_OBJC_ARC = YES;
				CLANG_ENABLE_OBJC_WEAK = YES;
				CLANG_WARN_BLOCK_CAPTURE_AUTORELEASING = YES;
				CLANG_WARN_BOOL_CONVERSION = YES;
				CLANG_WARN_COMMA = YES;
				CLANG_WARN_CONSTANT_CONVERSION = YES;
				CLANG_WARN_DEPRECATED_OBJC_IMPLEMENTATIONS = YES;
				CLANG_WARN_DIRECT_OBJC_ISA_USAGE = YES_ERROR;
				CLANG_WARN_DOCUMENTATION_COMMENTS = YES;
				CLANG_WARN_EMPTY_BODY = YES;
				CLANG_WARN_ENUM_CONVERSION = YES;
				CLANG_WARN_INFINITE_RECURSION = YES;
				CLANG_WARN_INT_CONVERSION = YES;
				CLANG_WARN_NON_LITERAL_NULL_CONVERSION = YES;
				CLANG_WARN_OBJC_IMPLICIT_RETAIN_SELF = YES;
				CLANG_WARN_OBJC_LITERAL_CONVERSION = YES;
				CLANG_WARN_OBJC_ROOT_CLASS = YES_ERROR;
				CLANG_WARN_QUOTED_INCLUDE_IN_FRAMEWORK_HEADER = YES;
				CLANG_WARN_RANGE_LOOP_ANALYSIS = YES;
				CLANG_WARN_STRICT_PROTOTYPES = YES;
				CLANG_WARN_SUSPICIOUS_MOVE = YES;
				CLANG_WARN_UNGUARDED_AVAILABILITY = YES_AGGRESSIVE;
				CLANG_WARN_UNREACHABLE_CODE = YES;
				CLANG_WARN__DUPLICATE_METHOD_MATCH = YES;
				COPY_PHASE_STRIP = NO;
				DEBUG_INFORMATION_FORMAT = dwarf;
				ENABLE_STRICT_OBJC_MSGSEND = YES;
				ENABLE_TESTABILITY = YES;
				GCC_C_LANGUAGE_STANDARD = gnu11;
				GCC_DYNAMIC_NO_PIC = NO;
				GCC_NO_COMMON_BLOCKS = YES;
				GCC_OPTIMIZATION_LEVEL = 0;
				GCC_PREPROCESSOR_DEFINITIONS = (
					"DEBUG=1",
					"$(inherited)",
				);
				GCC_WARN_64_TO_32_BIT_CONVERSION = YES;
				GCC_WARN_ABOUT_RETURN_TYPE = YES_ERROR;
				GCC_WARN_UNDECLARED_SELECTOR = YES;
				GCC_WARN_UNINITIALIZED_AUTOS = YES_AGGRESSIVE;
				GCC_WARN_UNUSED_FUNCTION = YES;
				GCC_WARN_UNUSED_VARIABLE = YES;
				MACOSX_DEPLOYMENT_TARGET = 11.1;
				MTL_ENABLE_DEBUG_INFO = INCLUDE_SOURCE;
				MTL_FAST_MATH = YES;
				ONLY_ACTIVE_ARCH = YES;
				SDKROOT = macosx;
			};
			name = Debug;
		};
		830838E125F6624000952785 /* Release */ = {
			isa = XCBuildConfiguration;
			buildSettings = {
				ALWAYS_SEARCH_USER_PATHS = NO;
				CLANG_ANALYZER_NONNULL = YES;
				CLANG_ANALYZER_NUMBER_OBJECT_CONVERSION = YES_AGGRESSIVE;
				CLANG_CXX_LANGUAGE_STANDARD = "gnu++14";
				CLANG_CXX_LIBRARY = "libc++";
				CLANG_ENABLE_MODULES = YES;
				CLANG_ENABLE_OBJC_ARC = YES;
				CLANG_ENABLE_OBJC_WEAK = YES;
				CLANG_WARN_BLOCK_CAPTURE_AUTORELEASING = YES;
				CLANG_WARN_BOOL_CONVERSION = YES;
				CLANG_WARN_COMMA = YES;
				CLANG_WARN_CONSTANT_CONVERSION = YES;
				CLANG_WARN_DEPRECATED_OBJC_IMPLEMENTATIONS = YES;
				CLANG_WARN_DIRECT_OBJC_ISA_USAGE = YES_ERROR;
				CLANG_WARN_DOCUMENTATION_COMMENTS = YES;
				CLANG_WARN_EMPTY_BODY = YES;
				CLANG_WARN_ENUM_CONVERSION = YES;
				CLANG_WARN_INFINITE_RECURSION = YES;
				CLANG_WARN_INT_CONVERSION = YES;
				CLANG_WARN_NON_LITERAL_NULL_CONVERSION = YES;
				CLANG_WARN_OBJC_IMPLICIT_RETAIN_SELF = YES;
				CLANG_WARN_OBJC_LITERAL_CONVERSION = YES;
				CLANG_WARN_OBJC_ROOT_CLASS = YES_ERROR;
				CLANG_WARN_QUOTED_INCLUDE_IN_FRAMEWORK_HEADER = YES;
				CLANG_WARN_RANGE_LOOP_ANALYSIS = YES;
				CLANG_WARN_STRICT_PROTOTYPES = YES;
				CLANG_WARN_SUSPICIOUS_MOVE = YES;
				CLANG_WARN_UNGUARDED_AVAILABILITY = YES_AGGRESSIVE;
				CLANG_WARN_UNREACHABLE_CODE = YES;
				CLANG_WARN__DUPLICATE_METHOD_MATCH = YES;
				COPY_PHASE_STRIP = NO;
				DEBUG_INFORMATION_FORMAT = "dwarf-with-dsym";
				ENABLE_NS_ASSERTIONS = NO;
				ENABLE_STRICT_OBJC_MSGSEND = YES;
				GCC_C_LANGUAGE_STANDARD = gnu11;
				GCC_NO_COMMON_BLOCKS = YES;
				GCC_WARN_64_TO_32_BIT_CONVERSION = YES;
				GCC_WARN_ABOUT_RETURN_TYPE = YES_ERROR;
				GCC_WARN_UNDECLARED_SELECTOR = YES;
				GCC_WARN_UNINITIALIZED_AUTOS = YES_AGGRESSIVE;
				GCC_WARN_UNUSED_FUNCTION = YES;
				GCC_WARN_UNUSED_VARIABLE = YES;
				MACOSX_DEPLOYMENT_TARGET = 11.1;
				MTL_ENABLE_DEBUG_INFO = NO;
				MTL_FAST_MATH = YES;
				SDKROOT = macosx;
			};
			name = Release;
		};
		830838E325F6624000952785 /* Debug */ = {
			isa = XCBuildConfiguration;
			buildSettings = {
				CODE_SIGN_IDENTITY = "-";
				CODE_SIGN_STYLE = Automatic;
				DEVELOPMENT_TEAM = 4K94C7S4LZ;
				ENABLE_HARDENED_RUNTIME = YES;
				PRODUCT_NAME = "$(TARGET_NAME)";
			};
			name = Debug;
		};
		830838E425F6624000952785 /* Release */ = {
			isa = XCBuildConfiguration;
			buildSettings = {
				CODE_SIGN_IDENTITY = "-";
				CODE_SIGN_STYLE = Automatic;
				DEVELOPMENT_TEAM = 4K94C7S4LZ;
				ENABLE_HARDENED_RUNTIME = YES;
				PRODUCT_NAME = "$(TARGET_NAME)";
			};
			name = Release;
		};
/* End XCBuildConfiguration section */

/* Begin XCConfigurationList section */
		830838D625F6624000952785 /* Build configuration list for PBXProject "15.0" */ = {
			isa = XCConfigurationList;
			buildConfigurations = (
				830838E025F6624000952785 /* Debug */,
				830838E125F6624000952785 /* Release */,
			);
			defaultConfigurationIsVisible = 0;
			defaultConfigurationName = Release;
		};
		830838E225F6624000952785 /* Build configuration list for PBXNativeTarget "15.0" */ = {
			isa = XCConfigurationList;
			buildConfigurations = (
				830838E325F6624000952785 /* Debug */,
				830838E425F6624000952785 /* Release */,
			);
			defaultConfigurationIsVisible = 0;
			defaultConfigurationName = Release;
		};
/* End XCConfigurationList section */
	};
	rootObject = 830838D325F6623F00952785 /* Project object */;
}
